
Microsoft Visual Studio Solution File, Format Version 12.00
# Visual Studio Version 17
VisualStudioVersion = 17.0.31903.59
MinimumVisualStudioVersion = 10.0.40219.1
Project("{FAE04EC0-301F-11D3-BF4B-00C04F79EFBC}") = "TheMoods.Api", "TheMoods.Api\TheMoods.Api.csproj", "{05D75AD9-10E4-4045-9CFE-2EC80816D5EC}"
EndProject
Project("{FAE04EC0-301F-11D3-BF4B-00C04F79EFBC}") = "TheMoods.Data", "TheMoods.Data\TheMoods.Data.csproj", "{B3872AF4-6EBB-40D1-B423-9195C32F11B7}"
EndProject
Global
	GlobalSection(SolutionConfigurationPlatforms) = preSolution
		Debug|Any CPU = Debug|Any CPU
		Release|Any CPU = Release|Any CPU
	EndGlobalSection
	GlobalSection(SolutionProperties) = preSolution
		HideSolutionNode = FALSE
	EndGlobalSection
	GlobalSection(ProjectConfigurationPlatforms) = postSolution
		{05D75AD9-10E4-4045-9CFE-2EC80816D5EC}.Debug|Any CPU.ActiveCfg = Debug|Any CPU
		{05D75AD9-10E4-4045-9CFE-2EC80816D5EC}.Debug|Any CPU.Build.0 = Debug|Any CPU
		{05D75AD9-10E4-4045-9CFE-2EC80816D5EC}.Release|Any CPU.ActiveCfg = Release|Any CPU
		{05D75AD9-10E4-4045-9CFE-2EC80816D5EC}.Release|Any CPU.Build.0 = Release|Any CPU
		{B3872AF4-6EBB-40D1-B423-9195C32F11B7}.Debug|Any CPU.ActiveCfg = Debug|Any CPU
		{B3872AF4-6EBB-40D1-B423-9195C32F11B7}.Debug|Any CPU.Build.0 = Debug|Any CPU
		{B3872AF4-6EBB-40D1-B423-9195C32F11B7}.Release|Any CPU.ActiveCfg = Release|Any CPU
		{B3872AF4-6EBB-40D1-B423-9195C32F11B7}.Release|Any CPU.Build.0 = Release|Any CPU
	EndGlobalSection
EndGlobal
